# THIS IS AN AUTOGENERATED FILE. DO NOT EDIT THIS FILE DIRECTLY.
# yarn lockfile v1


"@alifd/field@~1.5.5":
  version "1.5.8"
  resolved "https://registry.npm.alibaba-inc.com/@alifd/field/download/@alifd/field-1.5.8.tgz#18a0bd92dec109a4efd40def6f52aecf6550296f"
  integrity sha1-GKC9kt7BCaTv1A3vb1Kuz2VQKW8=
  dependencies:
    "@alifd/validate" "^1.2.0"
    prop-types "^15.5.8"

"@alifd/next@^1.23.22":
  version "1.25.46"
  resolved "https://registry.npm.alibaba-inc.com/@alifd/next/download/@alifd/next-1.25.46.tgz#1bf12113c211a21225354ce1c6e51bde562147b7"
  integrity sha512-OWbOai5xeFsp5zERC6DeCTt/OlLVjPaRMUXThK0lmB0JvUVCccu4VjF5mrYzddP3VpOaH9xgt7COJwZWEB/iJg==
  dependencies:
    "@alifd/field" "~1.5.5"
    "@alifd/overlay" "^0.2.9"
    "@alifd/validate" "~1.2.0"
    babel-runtime "^6.26.0"
    bignumber.js "^9.0.1"
    classnames "^2.2.3"
    dayjs "^1.9.6"
    hoist-non-react-statics "^3.0.0"
    lodash.clonedeep "^4.5.0"
    prop-types "^15.6.0"
    react-lifecycles-compat "^3.0.4"
    react-transition-group "^2.2.1"
    resize-observer-polyfill "^1.5.1"
    shallow-element-equals "^1.0.1"

"@alifd/overlay@^0.2.9":
  version "0.2.11"
  resolved "https://registry.npm.alibaba-inc.com/@alifd/overlay/download/@alifd/overlay-0.2.11.tgz#5cc58ee5cf5466fe7a6ec141ae03058bf063cfe4"
  integrity sha512-O/UNWFYfsvHBMEd9xKEhSuU3DLK3MllqWr+PAhQUgbtdKKSvmOuCylNsR9eQDQ8NRG12qj6fmCq3UXZr5c4XTA==
  dependencies:
    resize-observer-polyfill "^1.5.1"

"@alifd/validate@^1.2.0":
  version "1.4.0"
  resolved "https://registry.npm.alibaba-inc.com/@alifd/validate/download/@alifd/validate-1.4.0.tgz#30dc391743bf1e09b30fac3eff6448b2f5bc23d2"
  integrity sha512-RNayg1HVrJBhP5wOmjRq9x0xCC/2H1isDy038V69ggPyAP0k+3JAzIZKNkDoCLJlF4dWPCcsSwXaJafr0A60Wg==

"@alifd/validate@~1.2.0":
  version "1.2.3"
  resolved "https://registry.npm.alibaba-inc.com/@alifd/validate/download/@alifd/validate-1.2.3.tgz#3b7f880a1a955470b303fddce5afa42a9f2d9ff2"
  integrity sha1-O3+IChqVVHCzA/3c5a+kKp8tn/I=

"@babel/runtime@^7.1.2":
  version "7.18.9"
  resolved "https://registry.npm.alibaba-inc.com/@babel/runtime/download/@babel/runtime-7.18.9.tgz#b4fcfce55db3d2e5e080d2490f608a3b9f407f4a"
  integrity sha512-lkqXDcvlFT5rvEjiu6+QYO+1GXrEHRo2LOtS7E4GtX5ESIZOgepqsZBVIj6Pv+a6zqsya9VCgiK1KAK4BvJDAw==
  dependencies:
    regenerator-runtime "^0.13.4"

"@types/lodash@^4.14.116":
  version "4.14.182"
  resolved "https://registry.npm.alibaba-inc.com/@types/lodash/download/@types/lodash-4.14.182.tgz#05301a4d5e62963227eaafe0ce04dd77c54ea5c2"
  integrity sha512-/THyiqyQAP9AfARo4pF+aCGcyiQ94tX/Is2I7HofNRqoYLgN1PBoOWu2/zTA5zMxzP5EFutMtWtGAFRKUe961Q==

"@types/prop-types@*":
  version "15.7.5"
  resolved "https://registry.npm.alibaba-inc.com/@types/prop-types/download/@types/prop-types-15.7.5.tgz#5f19d2b85a98e9558036f6a3cacc8819420f05cf"
  integrity sha512-JCB8C6SnDoQf0cNycqd/35A7MjcnK+ZTqE7judS6o7utxUCg6imJg3QK2qzHKszlTjcj2cn+NwMB2i96ubpj7w==

"@types/react-dom@^16.8.0":
  version "16.9.16"
  resolved "https://registry.npm.alibaba-inc.com/@types/react-dom/download/@types/react-dom-16.9.16.tgz#c591f2ed1c6f32e9759dfa6eb4abfd8041f29e39"
  integrity sha512-Oqc0RY4fggGA3ltEgyPLc3IV9T73IGoWjkONbsyJ3ZBn+UPPCYpU2ec0i3cEbJuEdZtkqcCF2l1zf2pBdgUGSg==
  dependencies:
    "@types/react" "^16"

"@types/react@^16", "@types/react@^16.8.0":
  version "16.14.28"
  resolved "https://registry.npm.alibaba-inc.com/@types/react/download/@types/react-16.14.28.tgz#073258f3fe7bb80c748842c1f93aeaafe16dffad"
  integrity sha512-83zBE6+XUVXsdL3iFzOyUewdauaU+KviKCHEGOgSW52coAuqW7tEKQM0E9+ZC0Zk6TELQ2/JgogPvp7FavzFwg==
  dependencies:
    "@types/prop-types" "*"
    "@types/scheduler" "*"
    csstype "^3.0.2"

"@types/scheduler@*":
  version "0.16.2"
  resolved "https://registry.npm.alibaba-inc.com/@types/scheduler/download/@types/scheduler-0.16.2.tgz#1a62f89525723dde24ba1b01b092bf5df8ad4d39"
  integrity sha1-GmL4lSVyPd4kuhsBsJK/XfitTTk=

ansi-styles@^3.2.1:
  version "3.2.1"
  resolved "https://registry.npm.alibaba-inc.com/ansi-styles/download/ansi-styles-3.2.1.tgz#41fbb20243e50b12be0f04b8dedbf07520ce841d"
  integrity sha1-QfuyAkPlCxK+DwS43tvwdSDOhB0=
  dependencies:
    color-convert "^1.9.0"

array-differ@^2.0.3:
  version "2.1.0"
  resolved "https://registry.npm.alibaba-inc.com/array-differ/download/array-differ-2.1.0.tgz#4b9c1c3f14b906757082925769e8ab904f4801b1"
  integrity sha1-S5wcPxS5BnVwgpJXaeirkE9IAbE=

array-union@^1.0.2:
  version "1.0.2"
  resolved "https://registry.npm.alibaba-inc.com/array-union/download/array-union-1.0.2.tgz#9a34410e4f4e3da23dea375be5be70f24778ec39"
  integrity sha1-mjRBDk9OPaI96jdb5b5w8kd47Dk=
  dependencies:
    array-uniq "^1.0.1"

array-uniq@^1.0.1:
  version "1.0.3"
  resolved "https://registry.npm.alibaba-inc.com/array-uniq/download/array-uniq-1.0.3.tgz#af6ac877a25cc7f74e058894753858dfdb24fdb6"
  integrity sha1-r2rId6Jcx/dOBYiUdThY39sk/bY=

arrify@^1.0.1:
  version "1.0.1"
  resolved "https://registry.npm.alibaba-inc.com/arrify/download/arrify-1.0.1.tgz#898508da2226f380df904728456849c1501a4b0d"
  integrity sha1-iYUI2iIm84DfkEcoRWhJwVAaSw0=

babel-runtime@^6.26.0:
  version "6.26.0"
  resolved "https://registry.npm.alibaba-inc.com/babel-runtime/download/babel-runtime-6.26.0.tgz#965c7058668e82b55d7bfe04ff2337bc8b5647fe"
  integrity sha1-llxwWGaOgrVde/4E/yM3vItWR/4=
  dependencies:
    core-js "^2.4.0"
    regenerator-runtime "^0.11.0"

balanced-match@^1.0.0:
  version "1.0.2"
  resolved "https://registry.npm.alibaba-inc.com/balanced-match/download/balanced-match-1.0.2.tgz#e83e3a7e3f300b34cb9d87f615fa0cbf357690ee"
  integrity sha1-6D46fj8wCzTLnYf2FfoMvzV2kO4=

bignumber.js@^9.0.1:
  version "9.0.2"
  resolved "https://registry.npm.alibaba-inc.com/bignumber.js/download/bignumber.js-9.0.2.tgz#71c6c6bed38de64e24a65ebe16cfcf23ae693673"
  integrity sha512-GAcQvbpsM0pUb0zw1EI0KhQEZ+lRwR5fYaAp3vPOYuP7aDvGy6cVN6XHLauvF8SOga2y0dcLcjt3iQDTSEliyw==

brace-expansion@^1.1.7:
  version "1.1.11"
  resolved "https://registry.npm.alibaba-inc.com/brace-expansion/download/brace-expansion-1.1.11.tgz#3c7fcbf529d87226f3d2f52b966ff5271eb441dd"
  integrity sha1-PH/L9SnYcibz0vUrlm/1Jx60Qd0=
  dependencies:
    balanced-match "^1.0.0"
    concat-map "0.0.1"

buffer-from@^1.0.0:
  version "1.1.2"
  resolved "https://registry.npm.alibaba-inc.com/buffer-from/download/buffer-from-1.1.2.tgz#2b146a6fd72e80b4f55d255f35ed59a3a9a41bd5"
  integrity sha1-KxRqb9cugLT1XSVfNe1Zo6mkG9U=

chalk@^2.3.0:
  version "2.4.2"
  resolved "https://registry.npm.alibaba-inc.com/chalk/download/chalk-2.4.2.tgz#cd42541677a54333cf541a49108c1432b44c9424"
  integrity sha1-zUJUFnelQzPPVBpJEIwUMrRMlCQ=
  dependencies:
    ansi-styles "^3.2.1"
    escape-string-regexp "^1.0.5"
    supports-color "^5.3.0"

classnames@^2.2.3:
  version "2.3.1"
  resolved "https://registry.npm.alibaba-inc.com/classnames/download/classnames-2.3.1.tgz#dfcfa3891e306ec1dad105d0e88f4417b8535e8e"
  integrity sha1-38+jiR4wbsHa0QXQ6I9EF7hTXo4=

color-convert@^1.9.0:
  version "1.9.3"
  resolved "https://registry.npm.alibaba-inc.com/color-convert/download/color-convert-1.9.3.tgz#bb71850690e1f136567de629d2d5471deda4c1e8"
  integrity sha1-u3GFBpDh8TZWfeYp0tVHHe2kweg=
  dependencies:
    color-name "1.1.3"

color-name@1.1.3:
  version "1.1.3"
  resolved "https://registry.npm.alibaba-inc.com/color-name/download/color-name-1.1.3.tgz#a7d0558bd89c42f795dd42328f740831ca53bc25"
  integrity sha1-p9BVi9icQveV3UIyj3QIMcpTvCU=

concat-map@0.0.1:
  version "0.0.1"
  resolved "https://registry.npm.alibaba-inc.com/concat-map/download/concat-map-0.0.1.tgz#d8a96bd77fd68df7793a73036a3ba0d5405d477b"
  integrity sha1-2Klr13/Wjfd5OnMDajug1UBdR3s=

concat-stream@^1.4.7:
  version "1.6.2"
  resolved "https://registry.npm.alibaba-inc.com/concat-stream/download/concat-stream-1.6.2.tgz#904bdf194cd3122fc675c77fc4ac3d4ff0fd1a34"
  integrity sha1-kEvfGUzTEi/Gdcd/xKw9T/D9GjQ=
  dependencies:
    buffer-from "^1.0.0"
    inherits "^2.0.3"
    readable-stream "^2.2.2"
    typedarray "^0.0.6"

core-js@^2.4.0:
  version "2.6.12"
  resolved "https://registry.npm.alibaba-inc.com/core-js/download/core-js-2.6.12.tgz#d9333dfa7b065e347cc5682219d6f690859cc2ec"
  integrity sha1-2TM9+nsGXjR8xWgiGdb2kIWcwuw=

core-util-is@~1.0.0:
  version "1.0.3"
  resolved "https://registry.npm.alibaba-inc.com/core-util-is/download/core-util-is-1.0.3.tgz#a6042d3634c2b27e9328f837b965fac83808db85"
  integrity sha1-pgQtNjTCsn6TKPg3uWX6yDgI24U=

cross-spawn@^5.0.1:
  version "5.1.0"
  resolved "https://registry.npm.alibaba-inc.com/cross-spawn/download/cross-spawn-5.1.0.tgz#e8bd0efee58fcff6f8f94510a0a554bbfa235449"
  integrity sha1-6L0O/uWPz/b4+UUQoKVUu/ojVEk=
  dependencies:
    lru-cache "^4.0.1"
    shebang-command "^1.2.0"
    which "^1.2.9"

csstype@^3.0.2:
  version "3.1.0"
  resolved "https://registry.npm.alibaba-inc.com/csstype/download/csstype-3.1.0.tgz#4ddcac3718d787cf9df0d1b7d15033925c8f29f2"
  integrity sha512-uX1KG+x9h5hIJsaKR9xHUeUraxf8IODOwq9JLNPq6BwB04a/xgpq3rcx47l5BZu5zBPlgD342tdke3Hom/nJRA==

dayjs@^1.9.6:
  version "1.11.4"
  resolved "https://registry.npm.alibaba-inc.com/dayjs/download/dayjs-1.11.4.tgz#3b3c10ca378140d8917e06ebc13a4922af4f433e"
  integrity sha512-Zj/lPM5hOvQ1Bf7uAvewDaUcsJoI6JmNqmHhHl3nyumwe0XHwt8sWdOVAPACJzCebL8gQCi+K49w7iKWnGwX9g==

dom-helpers@^3.4.0:
  version "3.4.0"
  resolved "https://registry.npm.alibaba-inc.com/dom-helpers/download/dom-helpers-3.4.0.tgz#e9b369700f959f62ecde5a6babde4bccd9169af8"
  integrity sha1-6bNpcA+Vn2Ls3lprq95LzNkWmvg=
  dependencies:
    "@babel/runtime" "^7.1.2"

escape-string-regexp@^1.0.5:
  version "1.0.5"
  resolved "https://registry.npm.alibaba-inc.com/escape-string-regexp/download/escape-string-regexp-1.0.5.tgz#1b61c0562190a8dff6ae3bb2cf0200ca130b86d4"
  integrity sha1-G2HAViGQqN/2rjuyzwIAyhMLhtQ=

execa@^0.8.0:
  version "0.8.0"
  resolved "https://registry.npm.alibaba-inc.com/execa/download/execa-0.8.0.tgz#d8d76bbc1b55217ed190fd6dd49d3c774ecfc8da"
  integrity sha1-2NdrvBtVIX7RkP1t1J08d07PyNo=
  dependencies:
    cross-spawn "^5.0.1"
    get-stream "^3.0.0"
    is-stream "^1.1.0"
    npm-run-path "^2.0.0"
    p-finally "^1.0.0"
    signal-exit "^3.0.0"
    strip-eof "^1.0.0"

find-up@^2.1.0:
  version "2.1.0"
  resolved "https://registry.npm.alibaba-inc.com/find-up/download/find-up-2.1.0.tgz#45d1b7e506c717ddd482775a2b77920a3c0c57a7"
  integrity sha1-RdG35QbHF93UgndaK3eSCjwMV6c=
  dependencies:
    locate-path "^2.0.0"

get-stream@^3.0.0:
  version "3.0.0"
  resolved "https://registry.npm.alibaba-inc.com/get-stream/download/get-stream-3.0.0.tgz#8e943d1358dc37555054ecbe2edb05aa174ede14"
  integrity sha1-jpQ9E1jcN1VQVOy+LtsFqhdO3hQ=

has-flag@^3.0.0:
  version "3.0.0"
  resolved "https://registry.npm.alibaba-inc.com/has-flag/download/has-flag-3.0.0.tgz#b5d454dc2199ae225699f3467e5a07f3b955bafd"
  integrity sha1-tdRU3CGZriJWmfNGfloH87lVuv0=

hoist-non-react-statics@^3.0.0:
  version "3.3.2"
  resolved "https://registry.npm.alibaba-inc.com/hoist-non-react-statics/download/hoist-non-react-statics-3.3.2.tgz#ece0acaf71d62c2969c2ec59feff42a4b1a85b45"
  integrity sha1-7OCsr3HWLClpwuxZ/v9CpLGoW0U=
  dependencies:
    react-is "^16.7.0"

ignore@^3.3.7:
  version "3.3.10"
  resolved "https://registry.npm.alibaba-inc.com/ignore/download/ignore-3.3.10.tgz#0a97fb876986e8081c631160f8f9f389157f0043"
  integrity sha1-Cpf7h2mG6AgcYxFg+PnziRV/AEM=

inherits@^2.0.3, inherits@~2.0.3:
  version "2.0.4"
  resolved "https://registry.npm.alibaba-inc.com/inherits/download/inherits-2.0.4.tgz#0fa2c64f932917c3433a0ded55363aae37416b7c"
  integrity sha1-D6LGT5MpF8NDOg3tVTY6rjdBa3w=

is-stream@^1.1.0:
  version "1.1.0"
  resolved "https://registry.npm.alibaba-inc.com/is-stream/download/is-stream-1.1.0.tgz#12d4a3dd4e68e0b79ceb8dbc84173ae80d91ca44"
  integrity sha1-EtSj3U5o4Lec6428hBc66A2RykQ=

isarray@~1.0.0:
  version "1.0.0"
  resolved "https://registry.npm.alibaba-inc.com/isarray/download/isarray-1.0.0.tgz#bb935d48582cba168c06834957a54a3e07124f11"
  integrity sha1-u5NdSFgsuhaMBoNJV6VKPgcSTxE=

isexe@^2.0.0:
  version "2.0.0"
  resolved "https://registry.npm.alibaba-inc.com/isexe/download/isexe-2.0.0.tgz#e8fbf374dc556ff8947a10dcb0572d633f2cfa10"
  integrity sha1-6PvzdNxVb/iUehDcsFctYz8s+hA=

"js-tokens@^3.0.0 || ^4.0.0":
  version "4.0.0"
  resolved "https://registry.npm.alibaba-inc.com/js-tokens/download/js-tokens-4.0.0.tgz#19203fb59991df98e3a287050d4647cdeaf32499"
  integrity sha1-GSA/tZmR35jjoocFDUZHzerzJJk=

locate-path@^2.0.0:
  version "2.0.0"
  resolved "https://registry.npm.alibaba-inc.com/locate-path/download/locate-path-2.0.0.tgz#2b568b265eec944c6d9c0de9c3dbbbca0354cd8e"
  integrity sha1-K1aLJl7slExtnA3pw9u7ygNUzY4=
  dependencies:
    p-locate "^2.0.0"
    path-exists "^3.0.0"

lodash.clonedeep@^4.5.0:
  version "4.5.0"
  resolved "https://registry.npm.alibaba-inc.com/lodash.clonedeep/download/lodash.clonedeep-4.5.0.tgz#e23f3f9c4f8fbdde872529c1071857a086e5ccef"
  integrity sha1-4j8/nE+Pvd6HJSnBBxhXoIblzO8=

lodash@^4.17.11:
  version "4.17.21"
  resolved "https://registry.npm.alibaba-inc.com/lodash/download/lodash-4.17.21.tgz#679591c564c3bffaae8454cf0b3df370c3d6911c"
  integrity sha1-Z5WRxWTDv/quhFTPCz3zcMPWkRw=

loose-envify@^1.1.0, loose-envify@^1.4.0:
  version "1.4.0"
  resolved "https://registry.npm.alibaba-inc.com/loose-envify/download/loose-envify-1.4.0.tgz#71ee51fa7be4caec1a63839f7e682d8132d30caf"
  integrity sha1-ce5R+nvkyuwaY4OffmgtgTLTDK8=
  dependencies:
    js-tokens "^3.0.0 || ^4.0.0"

lru-cache@^4.0.1:
  version "4.1.5"
  resolved "https://registry.npm.alibaba-inc.com/lru-cache/download/lru-cache-4.1.5.tgz#8bbe50ea85bed59bc9e33dcab8235ee9bcf443cd"
  integrity sha1-i75Q6oW+1ZvJ4z3KuCNe6bz0Q80=
  dependencies:
    pseudomap "^1.0.2"
    yallist "^2.1.2"

minimatch@^3.0.4:
  version "3.1.2"
  resolved "https://registry.npm.alibaba-inc.com/minimatch/download/minimatch-3.1.2.tgz#19cd194bfd3e428f049a70817c038d89ab4be35b"
  integrity sha512-J7p63hRiAjw1NDEww1W7i37+ByIrOWO5XQQAzZ3VOcL0PNybwpfmV/N05zFAzwQ9USyEcX6t3UO+K5aqBQOIHw==
  dependencies:
    brace-expansion "^1.1.7"

moment-timezone@^0.5.33:
  version "0.5.34"
  resolved "https://registry.npm.alibaba-inc.com/moment-timezone/download/moment-timezone-0.5.34.tgz#a75938f7476b88f155d3504a9343f7519d9a405c"
  integrity sha1-p1k490driPFV01BKk0P3UZ2aQFw=
  dependencies:
    moment ">= 2.9.0"

"moment@>= 2.9.0":
  version "2.29.4"
  resolved "https://registry.npm.alibaba-inc.com/moment/download/moment-2.29.4.tgz#3dbe052889fe7c1b2ed966fcb3a77328964ef108"
  integrity sha512-5LC9SOxjSc2HF6vO2CyuTDNivEdoz2IvyJJGj6X8DJ0eFyfszE0QiEd+iXmBvUP3WHxSjFH/vIsA0EN00cgr8w==

mri@^1.1.0:
  version "1.2.0"
  resolved "https://registry.npm.alibaba-inc.com/mri/download/mri-1.2.0.tgz#6721480fec2a11a4889861115a48b6cbe7cc8f0b"
  integrity sha1-ZyFID+wqEaSImGERWki2y+fMjws=

multimatch@^3.0.0:
  version "3.0.0"
  resolved "https://registry.npm.alibaba-inc.com/multimatch/download/multimatch-3.0.0.tgz#0e2534cc6bc238d9ab67e1b9cd5fcd85a6dbf70b"
  integrity sha1-DiU0zGvCONmrZ+G5zV/Nhabb9ws=
  dependencies:
    array-differ "^2.0.3"
    array-union "^1.0.2"
    arrify "^1.0.1"
    minimatch "^3.0.4"

npm-run-path@^2.0.0:
  version "2.0.2"
  resolved "https://registry.npm.alibaba-inc.com/npm-run-path/download/npm-run-path-2.0.2.tgz#35a9232dfa35d7067b4cb2ddf2357b1871536c5f"
  integrity sha1-NakjLfo11wZ7TLLd8jV7GHFTbF8=
  dependencies:
    path-key "^2.0.0"

object-assign@^4.1.1:
  version "4.1.1"
  resolved "https://registry.npm.alibaba-inc.com/object-assign/download/object-assign-4.1.1.tgz#2109adc7965887cfc05cbbd442cac8bfbb360863"
  integrity sha1-IQmtx5ZYh8/AXLvUQsrIv7s2CGM=

os-shim@^0.1.2:
  version "0.1.3"
  resolved "https://registry.npm.alibaba-inc.com/os-shim/download/os-shim-0.1.3.tgz#6b62c3791cf7909ea35ed46e17658bb417cb3917"
  integrity sha1-a2LDeRz3kJ6jXtRuF2WLtBfLORc=

p-finally@^1.0.0:
  version "1.0.0"
  resolved "https://registry.npm.alibaba-inc.com/p-finally/download/p-finally-1.0.0.tgz#3fbcfb15b899a44123b34b6dcc18b724336a2cae"
  integrity sha1-P7z7FbiZpEEjs0ttzBi3JDNqLK4=

p-limit@^1.1.0:
  version "1.3.0"
  resolved "https://registry.npm.alibaba-inc.com/p-limit/download/p-limit-1.3.0.tgz#b86bd5f0c25690911c7590fcbfc2010d54b3ccb8"
  integrity sha1-uGvV8MJWkJEcdZD8v8IBDVSzzLg=
  dependencies:
    p-try "^1.0.0"

p-locate@^2.0.0:
  version "2.0.0"
  resolved "https://registry.npm.alibaba-inc.com/p-locate/download/p-locate-2.0.0.tgz#20a0103b222a70c8fd39cc2e580680f3dde5ec43"
  integrity sha1-IKAQOyIqcMj9OcwuWAaA893l7EM=
  dependencies:
    p-limit "^1.1.0"

p-try@^1.0.0:
  version "1.0.0"
  resolved "https://registry.npm.alibaba-inc.com/p-try/download/p-try-1.0.0.tgz#cbc79cdbaf8fd4228e13f621f2b1a237c1b207b3"
  integrity sha1-y8ec26+P1CKOE/Yh8rGiN8GyB7M=

path-exists@^3.0.0:
  version "3.0.0"
  resolved "https://registry.npm.alibaba-inc.com/path-exists/download/path-exists-3.0.0.tgz#ce0ebeaa5f78cb18925ea7d810d7b59b010fd515"
  integrity sha1-zg6+ql94yxiSXqfYENe1mwEP1RU=

path-key@^2.0.0:
  version "2.0.1"
  resolved "https://registry.npm.alibaba-inc.com/path-key/download/path-key-2.0.1.tgz#411cadb574c5a140d3a4b1910d40d80cc9f40b40"
  integrity sha1-QRyttXTFoUDTpLGRDUDYDMn0C0A=

pre-commit@^1.2.2:
  version "1.2.2"
  resolved "https://registry.npm.alibaba-inc.com/pre-commit/download/pre-commit-1.2.2.tgz#dbcee0ee9de7235e57f79c56d7ce94641a69eec6"
  integrity sha1-287g7p3nI15X95xW186UZBpp7sY=
  dependencies:
    cross-spawn "^5.0.1"
    spawn-sync "^1.0.15"
    which "1.2.x"

prettier@^2.3.2:
  version "2.7.1"
  resolved "https://registry.npm.alibaba-inc.com/prettier/download/prettier-2.7.1.tgz#e235806850d057f97bb08368a4f7d899f7760c64"
  integrity sha512-ujppO+MkdPqoVINuDFDRLClm7D78qbDt0/NR+wp5FqEZOoTNAjPHWj17QRhu7geIHJfcNhRk1XVQmF8Bp3ye+g==

pretty-quick@^1.11.0:
  version "1.11.1"
  resolved "https://registry.npm.alibaba-inc.com/pretty-quick/download/pretty-quick-1.11.1.tgz#462ffa2b93d24c05b7a0c3a001e08601a0c55ee4"
  integrity sha1-Ri/6K5PSTAW3oMOgAeCGAaDFXuQ=
  dependencies:
    chalk "^2.3.0"
    execa "^0.8.0"
    find-up "^2.1.0"
    ignore "^3.3.7"
    mri "^1.1.0"
    multimatch "^3.0.0"

process-nextick-args@~2.0.0:
  version "2.0.1"
  resolved "https://registry.npm.alibaba-inc.com/process-nextick-args/download/process-nextick-args-2.0.1.tgz#7820d9b16120cc55ca9ae7792680ae7dba6d7fe2"
  integrity sha1-eCDZsWEgzFXKmud5JoCufbptf+I=

prop-types@^15.5.8, prop-types@^15.6.0, prop-types@^15.6.2:
  version "15.8.1"
  resolved "https://registry.npm.alibaba-inc.com/prop-types/download/prop-types-15.8.1.tgz#67d87bf1a694f48435cf332c24af10214a3140b5"
  integrity sha512-oj87CgZICdulUohogVAR7AjlC0327U4el4L6eAvOqCeudMDVU0NThNaV+b9Df4dXgSP1gXMTnPdhfe/2qDH5cg==
  dependencies:
    loose-envify "^1.4.0"
    object-assign "^4.1.1"
    react-is "^16.13.1"

pseudomap@^1.0.2:
  version "1.0.2"
  resolved "https://registry.npm.alibaba-inc.com/pseudomap/download/pseudomap-1.0.2.tgz#f052a28da70e618917ef0a8ac34c1ae5a68286b3"
  integrity sha1-8FKijacOYYkX7wqKw0wa5aaChrM=

react-dom@^16.8.0:
  version "16.14.0"
  resolved "https://registry.npm.alibaba-inc.com/react-dom/download/react-dom-16.14.0.tgz#7ad838ec29a777fb3c75c3a190f661cf92ab8b89"
  integrity sha1-etg47Cmnd/s8dcOhkPZhz5Kri4k=
  dependencies:
    loose-envify "^1.1.0"
    object-assign "^4.1.1"
    prop-types "^15.6.2"
    scheduler "^0.19.1"

react-is@^16.13.1, react-is@^16.7.0:
  version "16.13.1"
  resolved "https://registry.npm.alibaba-inc.com/react-is/download/react-is-16.13.1.tgz#789729a4dc36de2999dc156dd6c1d9c18cea56a4"
  integrity sha1-eJcppNw23imZ3BVt1sHZwYzqVqQ=

react-lifecycles-compat@^3.0.4:
  version "3.0.4"
  resolved "https://registry.npm.alibaba-inc.com/react-lifecycles-compat/download/react-lifecycles-compat-3.0.4.tgz#4f1a273afdfc8f3488a8c516bfda78f872352362"
  integrity sha1-TxonOv38jzSIqMUWv9p4+HI1I2I=

react-transition-group@^2.2.1:
  version "2.9.0"
  resolved "https://registry.npm.alibaba-inc.com/react-transition-group/download/react-transition-group-2.9.0.tgz#df9cdb025796211151a436c69a8f3b97b5b07c8d"
  integrity sha1-35zbAleWIRFRpDbGmo87l7WwfI0=
  dependencies:
    dom-helpers "^3.4.0"
    loose-envify "^1.4.0"
    prop-types "^15.6.2"
    react-lifecycles-compat "^3.0.4"

react@^16.8.0:
  version "16.14.0"
  resolved "https://registry.npm.alibaba-inc.com/react/download/react-16.14.0.tgz#94d776ddd0aaa37da3eda8fc5b6b18a4c9a3114d"
  integrity sha1-lNd23dCqo32j7aj8W2sYpMmjEU0=
  dependencies:
    loose-envify "^1.1.0"
    object-assign "^4.1.1"
    prop-types "^15.6.2"

readable-stream@^2.2.2:
  version "2.3.7"
  resolved "https://registry.npm.alibaba-inc.com/readable-stream/download/readable-stream-2.3.7.tgz#1eca1cf711aef814c04f62252a36a62f6cb23b57"
  integrity sha1-Hsoc9xGu+BTAT2IlKjamL2yyO1c=
  dependencies:
    core-util-is "~1.0.0"
    inherits "~2.0.3"
    isarray "~1.0.0"
    process-nextick-args "~2.0.0"
    safe-buffer "~5.1.1"
    string_decoder "~1.1.1"
    util-deprecate "~1.0.1"

regenerator-runtime@^0.11.0:
  version "0.11.1"
  resolved "https://registry.npm.alibaba-inc.com/regenerator-runtime/download/regenerator-runtime-0.11.1.tgz#be05ad7f9bf7d22e056f9726cee5017fbf19e2e9"
  integrity sha1-vgWtf5v30i4Fb5cmzuUBf78Z4uk=

regenerator-runtime@^0.13.4:
  version "0.13.9"
  resolved "https://registry.npm.alibaba-inc.com/regenerator-runtime/download/regenerator-runtime-0.13.9.tgz#8925742a98ffd90814988d7566ad30ca3b263b52"
  integrity sha1-iSV0Kpj/2QgUmI11Zq0wyjsmO1I=

resize-observer-polyfill@^1.5.1:
  version "1.5.1"
  resolved "https://registry.npm.alibaba-inc.com/resize-observer-polyfill/download/resize-observer-polyfill-1.5.1.tgz#0e9020dd3d21024458d4ebd27e23e40269810464"
  integrity sha1-DpAg3T0hAkRY1OvSfiPkAmmBBGQ=

safe-buffer@~5.1.0, safe-buffer@~5.1.1:
  version "5.1.2"
  resolved "https://registry.npm.alibaba-inc.com/safe-buffer/download/safe-buffer-5.1.2.tgz#991ec69d296e0313747d59bdfd2b745c35f8828d"
  integrity sha1-mR7GnSluAxN0fVm9/St0XDX4go0=

scheduler@^0.19.1:
  version "0.19.1"
  resolved "https://registry.npm.alibaba-inc.com/scheduler/download/scheduler-0.19.1.tgz#4f3e2ed2c1a7d65681f4c854fa8c5a1ccb40f196"
  integrity sha1-Tz4u0sGn1laB9MhU+oxaHMtA8ZY=
  dependencies:
    loose-envify "^1.1.0"
    object-assign "^4.1.1"

shallow-element-equals@^1.0.1:
  version "1.0.1"
  resolved "https://registry.npm.alibaba-inc.com/shallow-element-equals/download/shallow-element-equals-1.0.1.tgz#50739b7d94ad7567a134173d3f4422387ed57ce6"
  integrity sha1-UHObfZStdWehNBc9P0QiOH7VfOY=
  dependencies:
    style-equal "^1.0.0"

shebang-command@^1.2.0:
  version "1.2.0"
  resolved "https://registry.npm.alibaba-inc.com/shebang-command/download/shebang-command-1.2.0.tgz#44aac65b695b03398968c39f363fee5deafdf1ea"
  integrity sha1-RKrGW2lbAzmJaMOfNj/uXer98eo=
  dependencies:
    shebang-regex "^1.0.0"

shebang-regex@^1.0.0:
  version "1.0.0"
  resolved "https://registry.npm.alibaba-inc.com/shebang-regex/download/shebang-regex-1.0.0.tgz#da42f49740c0b42db2ca9728571cb190c98efea3"
  integrity sha1-2kL0l0DAtC2yypcoVxyxkMmO/qM=

signal-exit@^3.0.0:
  version "3.0.7"
  resolved "https://registry.npm.alibaba-inc.com/signal-exit/download/signal-exit-3.0.7.tgz#a9a1767f8af84155114eaabd73f99273c8f59ad9"
  integrity sha512-wnD2ZE+l+SPC/uoS0vXeE9L1+0wuaMqKlfz9AMUo38JsyLSBWSFcHR1Rri62LZc12vLr1gb3jl7iwQhgwpAbGQ==

spawn-sync@^1.0.15:
  version "1.0.15"
  resolved "https://registry.npm.alibaba-inc.com/spawn-sync/download/spawn-sync-1.0.15.tgz#b00799557eb7fb0c8376c29d44e8a1ea67e57476"
  integrity sha1-sAeZVX63+wyDdsKdROih6mfldHY=
  dependencies:
    concat-stream "^1.4.7"
    os-shim "^0.1.2"

string_decoder@~1.1.1:
  version "1.1.1"
  resolved "https://registry.npm.alibaba-inc.com/string_decoder/download/string_decoder-1.1.1.tgz#9cf1611ba62685d7030ae9e4ba34149c3af03fc8"
  integrity sha1-nPFhG6YmhdcDCunkujQUnDrwP8g=
  dependencies:
    safe-buffer "~5.1.0"

strip-eof@^1.0.0:
  version "1.0.0"
  resolved "https://registry.npm.alibaba-inc.com/strip-eof/download/strip-eof-1.0.0.tgz#bb43ff5598a6eb05d89b59fcd129c983313606bf"
  integrity sha1-u0P/VZim6wXYm1n80SnJgzE2Br8=

style-equal@^1.0.0:
  version "1.0.0"
  resolved "https://registry.npm.alibaba-inc.com/style-equal/download/style-equal-1.0.0.tgz#98a1c5922226bfe13c196e73f1940e91b8e66595"
  integrity sha1-mKHFkiImv+E8GW5z8ZQOkbjmZZU=

supports-color@^5.3.0:
  version "5.5.0"
  resolved "https://registry.npm.alibaba-inc.com/supports-color/download/supports-color-5.5.0.tgz#e2e69a44ac8772f78a1ec0b35b689df6530efc8f"
  integrity sha1-4uaaRKyHcveKHsCzW2id9lMO/I8=
  dependencies:
    has-flag "^3.0.0"

typedarray@^0.0.6:
  version "0.0.6"
  resolved "https://registry.npm.alibaba-inc.com/typedarray/download/typedarray-0.0.6.tgz#867ac74e3864187b1d3d47d996a78ec5c8830777"
  integrity sha1-hnrHTjhkGHsdPUfZlqeOxciDB3c=

util-deprecate@~1.0.1:
  version "1.0.2"
  resolved "https://registry.npm.alibaba-inc.com/util-deprecate/download/util-deprecate-1.0.2.tgz#450d4dc9fa70de732762fbd2d4a28981419a0ccf"
  integrity sha1-RQ1Nyfpw3nMnYvvS1KKJgUGaDM8=

which@1.2.x:
  version "1.2.14"
  resolved "https://registry.npm.alibaba-inc.com/which/download/which-1.2.14.tgz#9a87c4378f03e827cecaf1acdf56c736c01c14e5"
  integrity sha1-mofEN48D6CfOyvGs31bHNsAcFOU=
  dependencies:
    isexe "^2.0.0"

which@^1.2.9:
  version "1.3.1"
  resolved "https://registry.npm.alibaba-inc.com/which/download/which-1.3.1.tgz#a45043d54f5805316da8d62f9f50918d3da70b0a"
  integrity sha1-pFBD1U9YBTFtqNYvn1CRjT2nCwo=
  dependencies:
    isexe "^2.0.0"

yallist@^2.1.2:
  version "2.1.2"
  resolved "https://registry.npm.alibaba-inc.com/yallist/download/yallist-2.1.2.tgz#1c11f9218f076089a47dd512f93c6699a6a81d52"
  integrity sha1-HBH5IY8HYImkfdUS+TxmmaaoHVI=
